
Microsoft Visual Studio Solution File, Format Version 12.00
# Visual Studio Version 17
VisualStudioVersion = 17.14.36915.13 d17.14
MinimumVisualStudioVersion = 10.0.40219.1
Project("{FAE04EC0-301F-11D3-BF4B-00C04F79EFBC}") = "Module6_Contact_Lists", "Module6_Contact_Lists\Module6_Contact_Lists.csproj", "{813665E0-B130-4E5B-B243-9CF70958ACA0}"
EndProject
Global
	GlobalSection(SolutionConfigurationPlatforms) = preSolution
		Debug|Any CPU = Debug|Any CPU
		Release|Any CPU = Release|Any CPU
	EndGlobalSection
	GlobalSection(ProjectConfigurationPlatforms) = postSolution
		{813665E0-B130-4E5B-B243-9CF70958ACA0}.Debug|Any CPU.ActiveCfg = Debug|Any CPU
		{813665E0-B130-4E5B-B243-9CF70958ACA0}.Debug|Any CPU.Build.0 = Debug|Any CPU
		{813665E0-B130-4E5B-B243-9CF70958ACA0}.Debug|Any CPU.Deploy.0 = Debug|Any CPU
		{813665E0-B130-4E5B-B243-9CF70958ACA0}.Release|Any CPU.ActiveCfg = Release|Any CPU
		{813665E0-B130-4E5B-B243-9CF70958ACA0}.Release|Any CPU.Build.0 = Release|Any CPU
		{813665E0-B130-4E5B-B243-9CF70958ACA0}.Release|Any CPU.Deploy.0 = Release|Any CPU
	EndGlobalSection
	GlobalSection(SolutionProperties) = preSolution
		HideSolutionNode = FALSE
	EndGlobalSection
	GlobalSection(ExtensibilityGlobals) = postSolution
		SolutionGuid = {F1ED7F7E-FB9D-41F1-B4B8-677797C8AD66}
	EndGlobalSection
EndGlobal
